
Microsoft Visual Studio Solution File, Format Version 12.00
# Visual Studio Version 17
VisualStudioVersion = 17.0.31903.59
MinimumVisualStudioVersion = 10.0.40219.1
Project("{2150E333-8FDC-42A3-9474-1A3956D46DE8}") = "src", "src", "{98725C30-60E8-4B7E-BE04-594BD742A126}"
EndProject
Project("{2150E333-8FDC-42A3-9474-1A3956D46DE8}") = "Core", "Core", "{CD6ADC14-AA0F-4961-ADB7-DA84FA7F2121}"
EndProject
Project("{FAE04EC0-301F-11D3-BF4B-00C04F79EFBC}") = "HR.LeaveManagement.Domain", "src\Core\HR.LeaveManagement.Domain\HR.LeaveManagement.Domain.csproj", "{FCED0A4B-0E63-4A34-AB35-05ADE624418A}"
EndProject
Project("{FAE04EC0-301F-11D3-BF4B-00C04F79EFBC}") = "HR.LeaveManagement.Application", "src\Core\HR.LeaveManagement.Application\HR.LeaveManagement.Application.csproj", "{A4A2EE83-B9C1-41DD-ABD7-0AA16AB6FA02}"
EndProject
Project("{2150E333-8FDC-42A3-9474-1A3956D46DE8}") = "Infrastructure", "Infrastructure", "{6DB51F68-9520-4A0F-9E8C-2B4EDC529962}"
EndProject
Project("{FAE04EC0-301F-11D3-BF4B-00C04F79EFBC}") = "HR.LeaveManagement.Persistence", "src\Infrastructure\HR.LeaveManagement.Persistence\HR.LeaveManagement.Persistence.csproj", "{892B1B9E-E783-4C1F-A192-07A772790E30}"
EndProject
Project("{FAE04EC0-301F-11D3-BF4B-00C04F79EFBC}") = "HR.LeaveManagement.Infrastructure", "src\Infrastructure\HR.LeaveManagement.Infrastructure\HR.LeaveManagement.Infrastructure.csproj", "{B417D1CE-6225-45D3-95DE-ABA0D71F3826}"
EndProject
Project("{2150E333-8FDC-42A3-9474-1A3956D46DE8}") = "API", "API", "{66FCC80E-21DB-4CB2-9156-8C6A69E758E1}"
EndProject
Project("{FAE04EC0-301F-11D3-BF4B-00C04F79EFBC}") = "HR.LeaveManagement.Api", "src\API\HR.LeaveManagement.Api\HR.LeaveManagement.Api.csproj", "{C0EC81F7-E1F0-46B9-A604-196E2E05F0F1}"
EndProject
Project("{2150E333-8FDC-42A3-9474-1A3956D46DE8}") = "test", "test", "{641BB312-3BEF-4081-864D-D09E054675D0}"
EndProject
Project("{FAE04EC0-301F-11D3-BF4B-00C04F79EFBC}") = "HR.LeaveManagement.Application.UnitTests", "test\HR.LeaveManagement.Application.UnitTests\HR.LeaveManagement.Application.UnitTests.csproj", "{C909FD28-A644-48AE-9724-B3DCF84FED16}"
EndProject
Project("{FAE04EC0-301F-11D3-BF4B-00C04F79EFBC}") = "HR.LeaveManagement.Persistence.IntegrationTests", "test\HR.LeaveManagement.Persistence.IntegrationTests\HR.LeaveManagement.Persistence.IntegrationTests.csproj", "{7AF6BE44-1ADC-4603-B3F3-2502161CB431}"
EndProject
Project("{2150E333-8FDC-42A3-9474-1A3956D46DE8}") = "UI", "UI", "{82D5F9FF-D951-453E-8413-33EC5EAED477}"
EndProject
Project("{FAE04EC0-301F-11D3-BF4B-00C04F79EFBC}") = "HR.LeaveManagement.BlazorUI", "src\UI\HR.LeaveManagement.BlazorUI\HR.LeaveManagement.BlazorUI.csproj", "{3B74F29A-91BB-4219-ABDB-E7DF216E6B28}"
EndProject
Global
	GlobalSection(SolutionConfigurationPlatforms) = preSolution
		Debug|Any CPU = Debug|Any CPU
		Release|Any CPU = Release|Any CPU
	EndGlobalSection
	GlobalSection(SolutionProperties) = preSolution
		HideSolutionNode = FALSE
	EndGlobalSection
	GlobalSection(ProjectConfigurationPlatforms) = postSolution
		{FCED0A4B-0E63-4A34-AB35-05ADE624418A}.Debug|Any CPU.ActiveCfg = Debug|Any CPU
		{FCED0A4B-0E63-4A34-AB35-05ADE624418A}.Debug|Any CPU.Build.0 = Debug|Any CPU
		{FCED0A4B-0E63-4A34-AB35-05ADE624418A}.Release|Any CPU.ActiveCfg = Release|Any CPU
		{FCED0A4B-0E63-4A34-AB35-05ADE624418A}.Release|Any CPU.Build.0 = Release|Any CPU
		{A4A2EE83-B9C1-41DD-ABD7-0AA16AB6FA02}.Debug|Any CPU.ActiveCfg = Debug|Any CPU
		{A4A2EE83-B9C1-41DD-ABD7-0AA16AB6FA02}.Debug|Any CPU.Build.0 = Debug|Any CPU
		{A4A2EE83-B9C1-41DD-ABD7-0AA16AB6FA02}.Release|Any CPU.ActiveCfg = Release|Any CPU
		{A4A2EE83-B9C1-41DD-ABD7-0AA16AB6FA02}.Release|Any CPU.Build.0 = Release|Any CPU
		{892B1B9E-E783-4C1F-A192-07A772790E30}.Debug|Any CPU.ActiveCfg = Debug|Any CPU
		{892B1B9E-E783-4C1F-A192-07A772790E30}.Debug|Any CPU.Build.0 = Debug|Any CPU
		{892B1B9E-E783-4C1F-A192-07A772790E30}.Release|Any CPU.ActiveCfg = Release|Any CPU
		{892B1B9E-E783-4C1F-A192-07A772790E30}.Release|Any CPU.Build.0 = Release|Any CPU
		{B417D1CE-6225-45D3-95DE-ABA0D71F3826}.Debug|Any CPU.ActiveCfg = Debug|Any CPU
		{B417D1CE-6225-45D3-95DE-ABA0D71F3826}.Debug|Any CPU.Build.0 = Debug|Any CPU
		{B417D1CE-6225-45D3-95DE-ABA0D71F3826}.Release|Any CPU.ActiveCfg = Release|Any CPU
		{B417D1CE-6225-45D3-95DE-ABA0D71F3826}.Release|Any CPU.Build.0 = Release|Any CPU
		{C0EC81F7-E1F0-46B9-A604-196E2E05F0F1}.Debug|Any CPU.ActiveCfg = Debug|Any CPU
		{C0EC81F7-E1F0-46B9-A604-196E2E05F0F1}.Debug|Any CPU.Build.0 = Debug|Any CPU
		{C0EC81F7-E1F0-46B9-A604-196E2E05F0F1}.Release|Any CPU.ActiveCfg = Release|Any CPU
		{C0EC81F7-E1F0-46B9-A604-196E2E05F0F1}.Release|Any CPU.Build.0 = Release|Any CPU
		{C909FD28-A644-48AE-9724-B3DCF84FED16}.Debug|Any CPU.ActiveCfg = Debug|Any CPU
		{C909FD28-A644-48AE-9724-B3DCF84FED16}.Debug|Any CPU.Build.0 = Debug|Any CPU
		{C909FD28-A644-48AE-9724-B3DCF84FED16}.Release|Any CPU.ActiveCfg = Release|Any CPU
		{C909FD28-A644-48AE-9724-B3DCF84FED16}.Release|Any CPU.Build.0 = Release|Any CPU
		{7AF6BE44-1ADC-4603-B3F3-2502161CB431}.Debug|Any CPU.ActiveCfg = Debug|Any CPU
		{7AF6BE44-1ADC-4603-B3F3-2502161CB431}.Debug|Any CPU.Build.0 = Debug|Any CPU
		{7AF6BE44-1ADC-4603-B3F3-2502161CB431}.Release|Any CPU.ActiveCfg = Release|Any CPU
		{7AF6BE44-1ADC-4603-B3F3-2502161CB431}.Release|Any CPU.Build.0 = Release|Any CPU
		{3B74F29A-91BB-4219-ABDB-E7DF216E6B28}.Debug|Any CPU.ActiveCfg = Debug|Any CPU
		{3B74F29A-91BB-4219-ABDB-E7DF216E6B28}.Debug|Any CPU.Build.0 = Debug|Any CPU
		{3B74F29A-91BB-4219-ABDB-E7DF216E6B28}.Release|Any CPU.ActiveCfg = Release|Any CPU
		{3B74F29A-91BB-4219-ABDB-E7DF216E6B28}.Release|Any CPU.Build.0 = Release|Any CPU
	EndGlobalSection
	GlobalSection(NestedProjects) = preSolution
		{CD6ADC14-AA0F-4961-ADB7-DA84FA7F2121} = {98725C30-60E8-4B7E-BE04-594BD742A126}
		{FCED0A4B-0E63-4A34-AB35-05ADE624418A} = {CD6ADC14-AA0F-4961-ADB7-DA84FA7F2121}
		{A4A2EE83-B9C1-41DD-ABD7-0AA16AB6FA02} = {CD6ADC14-AA0F-4961-ADB7-DA84FA7F2121}
		{6DB51F68-9520-4A0F-9E8C-2B4EDC529962} = {98725C30-60E8-4B7E-BE04-594BD742A126}
		{892B1B9E-E783-4C1F-A192-07A772790E30} = {6DB51F68-9520-4A0F-9E8C-2B4EDC529962}
		{B417D1CE-6225-45D3-95DE-ABA0D71F3826} = {6DB51F68-9520-4A0F-9E8C-2B4EDC529962}
		{66FCC80E-21DB-4CB2-9156-8C6A69E758E1} = {98725C30-60E8-4B7E-BE04-594BD742A126}
		{C0EC81F7-E1F0-46B9-A604-196E2E05F0F1} = {66FCC80E-21DB-4CB2-9156-8C6A69E758E1}
		{C909FD28-A644-48AE-9724-B3DCF84FED16} = {641BB312-3BEF-4081-864D-D09E054675D0}
		{7AF6BE44-1ADC-4603-B3F3-2502161CB431} = {641BB312-3BEF-4081-864D-D09E054675D0}
		{82D5F9FF-D951-453E-8413-33EC5EAED477} = {98725C30-60E8-4B7E-BE04-594BD742A126}
		{3B74F29A-91BB-4219-ABDB-E7DF216E6B28} = {82D5F9FF-D951-453E-8413-33EC5EAED477}
	EndGlobalSection
EndGlobal
