
Microsoft Visual Studio Solution File, Format Version 12.00
# Visual Studio Version 17
VisualStudioVersion = 17.0.31903.59
MinimumVisualStudioVersion = 10.0.40219.1
Project("{2150E333-8FDC-42A3-9474-1A3956D46DE8}") = "src", "src", "{98725C30-60E8-4B7E-BE04-594BD742A126}"
EndProject
Project("{2150E333-8FDC-42A3-9474-1A3956D46DE8}") = "Core", "Core", "{CD6ADC14-AA0F-4961-ADB7-DA84FA7F2121}"
EndProject
Project("{FAE04EC0-301F-11D3-BF4B-00C04F79EFBC}") = "HR.LeaveManagement.Domain", "src\Core\HR.LeaveManagement.Domain\HR.LeaveManagement.Domain.csproj", "{FCED0A4B-0E63-4A34-AB35-05ADE624418A}"
EndProject
Project("{FAE04EC0-301F-11D3-BF4B-00C04F79EFBC}") = "HR.LeaveManagement.Application", "src\Core\HR.LeaveManagement.Application\HR.LeaveManagement.Application.csproj", "{A4A2EE83-B9C1-41DD-ABD7-0AA16AB6FA02}"
EndProject
Global
	GlobalSection(SolutionConfigurationPlatforms) = preSolution
		Debug|Any CPU = Debug|Any CPU
		Release|Any CPU = Release|Any CPU
	EndGlobalSection
	GlobalSection(SolutionProperties) = preSolution
		HideSolutionNode = FALSE
	EndGlobalSection
	GlobalSection(ProjectConfigurationPlatforms) = postSolution
		{FCED0A4B-0E63-4A34-AB35-05ADE624418A}.Debug|Any CPU.ActiveCfg = Debug|Any CPU
		{FCED0A4B-0E63-4A34-AB35-05ADE624418A}.Debug|Any CPU.Build.0 = Debug|Any CPU
		{FCED0A4B-0E63-4A34-AB35-05ADE624418A}.Release|Any CPU.ActiveCfg = Release|Any CPU
		{FCED0A4B-0E63-4A34-AB35-05ADE624418A}.Release|Any CPU.Build.0 = Release|Any CPU
		{A4A2EE83-B9C1-41DD-ABD7-0AA16AB6FA02}.Debug|Any CPU.ActiveCfg = Debug|Any CPU
		{A4A2EE83-B9C1-41DD-ABD7-0AA16AB6FA02}.Debug|Any CPU.Build.0 = Debug|Any CPU
		{A4A2EE83-B9C1-41DD-ABD7-0AA16AB6FA02}.Release|Any CPU.ActiveCfg = Release|Any CPU
		{A4A2EE83-B9C1-41DD-ABD7-0AA16AB6FA02}.Release|Any CPU.Build.0 = Release|Any CPU
	EndGlobalSection
	GlobalSection(NestedProjects) = preSolution
		{CD6ADC14-AA0F-4961-ADB7-DA84FA7F2121} = {98725C30-60E8-4B7E-BE04-594BD742A126}
		{FCED0A4B-0E63-4A34-AB35-05ADE624418A} = {CD6ADC14-AA0F-4961-ADB7-DA84FA7F2121}
		{A4A2EE83-B9C1-41DD-ABD7-0AA16AB6FA02} = {CD6ADC14-AA0F-4961-ADB7-DA84FA7F2121}
	EndGlobalSection
EndGlobal
